lockfileVersion: '6.0'

settings:
  autoInstallPeers: true
  excludeLinksFromLockfile: false

dependencies:
  '@octokit/core':
    specifier: ^6.0.1
    version: 6.0.1

devDependencies:
  prettier:
    specifier: ^3.2.5
    version: 3.2.5
  typescript:
    specifier: ^5.4.2
    version: 5.4.2

packages:

  /@octokit/auth-token@5.0.1:
    resolution: {integrity: sha512-RTmWsLfig8SBoiSdgvCht4BXl1CHU89Co5xiQ5JF19my/sIRDFCQ1RPrmK0exgqUZuNm39C/bV8+/83+MJEjGg==}
    engines: {node: '>= 18'}
    dev: false

  /@octokit/core@6.0.1:
    resolution: {integrity: sha512-MIpPQXu8Y8GjHwXM81JLveiV+DHJZtLMcB5nKekBGOl3iAtk0HT3i12Xl8Biybu+bCS1+k4qbuKEq5d0RxNRnQ==}
    engines: {node: '>= 18'}
    dependencies:
      '@octokit/auth-token': 5.0.1
      '@octokit/graphql': 8.0.1
      '@octokit/request': 9.0.1
      '@octokit/request-error': 6.0.2
      '@octokit/types': 12.6.0
      before-after-hook: 3.0.2
      universal-user-agent: 7.0.2
    dev: false

  /@octokit/endpoint@10.0.0:
    resolution: {integrity: sha512-emBcNDxBdC1y3+knJonS5zhUB/CG6TihubxM2U1/pG/Z1y3a4oV0Gzz3lmkCvWWQI6h3tqBAX9MgCBFp+M68Jw==}
    engines: {node: '>= 18'}
    dependencies:
      '@octokit/types': 12.6.0
      universal-user-agent: 7.0.2
    dev: false

  /@octokit/graphql@8.0.1:
    resolution: {integrity: sha512-lLDb6LhC1gBj2CxEDa5Xk10+H/boonhs+3Mi6jpRyetskDKNHe6crMeKmUE2efoLofMP8ruannLlCUgpTFmVzQ==}
    engines: {node: '>= 18'}
    dependencies:
      '@octokit/request': 9.0.1
      '@octokit/types': 12.6.0
      universal-user-agent: 7.0.2
    dev: false

  /@octokit/openapi-types@20.0.0:
    resolution: {integrity: sha512-EtqRBEjp1dL/15V7WiX5LJMIxxkdiGJnabzYx5Apx4FkQIFgAfKumXeYAqqJCj1s+BMX4cPFIFC4OLCR6stlnA==}
    dev: false

  /@octokit/request-error@6.0.2:
    resolution: {integrity: sha512-WtRVpoHcNXs84+s9s/wqfHaxM68NGMg8Av7h59B50OVO0PwwMx+2GgQ/OliUd0iQBSNWgR6N8afi/KjSHbXHWw==}
    engines: {node: '>= 18'}
    dependencies:
      '@octokit/types': 12.6.0
    dev: false

  /@octokit/request@9.0.1:
    resolution: {integrity: sha512-kL+cAcbSl3dctYLuJmLfx6Iku2MXXy0jszhaEIjQNaCp4zjHXrhVAHeuaRdNvJjW9qjl3u1MJ72+OuBP0YW/pg==}
    engines: {node: '>= 18'}
    dependencies:
      '@octokit/endpoint': 10.0.0
      '@octokit/request-error': 6.0.2
      '@octokit/types': 12.6.0
      universal-user-agent: 7.0.2
    dev: false

  /@octokit/types@12.6.0:
    resolution: {integrity: sha512-1rhSOfRa6H9w4YwK0yrf5faDaDTb+yLyBUKOCV4xtCDB5VmIPqd/v9yr9o6SAzOAlRxMiRiCic6JVM1/kunVkw==}
    dependencies:
      '@octokit/openapi-types': 20.0.0
    dev: false

  /before-after-hook@3.0.2:
    resolution: {integrity: sha512-Nik3Sc0ncrMK4UUdXQmAnRtzmNQTAAXmXIopizwZ1W1t8QmfJj+zL4OA2I7XPTPW5z5TDqv4hRo/JzouDJnX3A==}
    dev: false

  /prettier@3.2.5:
    resolution: {integrity: sha512-3/GWa9aOC0YeD7LUfvOG2NiDyhOWRvt1k+rcKhOuYnMY24iiCphgneUfJDyFXd6rZCAnuLBv6UeAULtrhT/F4A==}
    engines: {node: '>=14'}
    hasBin: true
    dev: true

  /typescript@5.4.2:
    resolution: {integrity: sha512-+2/g0Fds1ERlP6JsakQQDXjZdZMM+rqpamFZJEKh4kwTIn3iDkgKtby0CeNd5ATNZ4Ry1ax15TMx0W2V+miizQ==}
    engines: {node: '>=14.17'}
    hasBin: true
    dev: true

  /universal-user-agent@7.0.2:
    resolution: {integrity: sha512-0JCqzSKnStlRRQfCdowvqy3cy0Dvtlb8xecj/H8JFZuCze4rwjPZQOgvFvn0Ws/usCHQFGpyr+pB9adaGwXn4Q==}
    dev: false
